
Microsoft Visual Studio Solution File, Format Version 12.00
# Visual Studio Version 17
VisualStudioVersion = 17.4.33213.308
MinimumVisualStudioVersion = 10.0.40219.1
Project("{FAE04EC0-301F-11D3-BF4B-00C04F79EFBC}") = "PL", "PL\PL.csproj", "{768A17EB-EEE9-497D-9E97-7D6B3EE934CD}"
EndProject
Global
	GlobalSection(SolutionConfigurationPlatforms) = preSolution
		Debug|Any CPU = Debug|Any CPU
		Release|Any CPU = Release|Any CPU
	EndGlobalSection
	GlobalSection(ProjectConfigurationPlatforms) = postSolution
		{768A17EB-EEE9-497D-9E97-7D6B3EE934CD}.Debug|Any CPU.ActiveCfg = Debug|Any CPU
		{768A17EB-EEE9-497D-9E97-7D6B3EE934CD}.Debug|Any CPU.Build.0 = Debug|Any CPU
		{768A17EB-EEE9-497D-9E97-7D6B3EE934CD}.Release|Any CPU.ActiveCfg = Release|Any CPU
		{768A17EB-EEE9-497D-9E97-7D6B3EE934CD}.Release|Any CPU.Build.0 = Release|Any CPU
	EndGlobalSection
	GlobalSection(SolutionProperties) = preSolution
		HideSolutionNode = FALSE
	EndGlobalSection
	GlobalSection(ExtensibilityGlobals) = postSolution
		SolutionGuid = {3790C227-34BF-4351-9B04-62D4149F2038}
	EndGlobalSection
EndGlobal
